{
  "name": "mf-bigdata-frontend",
  "version": "1.0.0",
  "lockfileVersion": 1,
  "requires": true,
  "dependencies": {
    "pnpm": {
      "version": "8.5.1",
      "resolved": "https://registry.npmmirror.com/pnpm/-/pnpm-8.5.1.tgz",
      "integrity": "sha512-W6elL7Nww0a/MCICkzpkbxW6f99TQuX4DuJoDjWp39X08PKDkEpg4cgj3d6EtgYADcdQWl/eM8NdlLJVE3RgpA=="
    }
  }
}
